
Microsoft Visual Studio Solution File, Format Version 12.00
# Visual Studio 15
VisualStudioVersion = 15.0.27004.2002
MinimumVisualStudioVersion = 10.0.40219.1
Project("{2150E333-8FDC-42A3-9474-1A3956D46DE8}") = "src", "src", "{306D79FB-45AD-479C-BA7D-E6D13C70079E}"
EndProject
Project("{FAE04EC0-301F-11D3-BF4B-00C04F79EFBC}") = "Shop.Web", "src\Shop.Web\Shop.Web.csproj", "{D826DAA3-447D-4375-A23D-F3FCA5BE57F7}"
EndProject
Project("{FAE04EC0-301F-11D3-BF4B-00C04F79EFBC}") = "Shop.Core", "src\Shop.Core\Shop.Core.csproj", "{86ACB010-A9C1-44FB-A2C6-7511129B7F9F}"
EndProject
Global
	GlobalSection(SolutionConfigurationPlatforms) = preSolution
		Debug|Any CPU = Debug|Any CPU
		Release|Any CPU = Release|Any CPU
	EndGlobalSection
	GlobalSection(ProjectConfigurationPlatforms) = postSolution
		{D826DAA3-447D-4375-A23D-F3FCA5BE57F7}.Debug|Any CPU.ActiveCfg = Debug|Any CPU
		{D826DAA3-447D-4375-A23D-F3FCA5BE57F7}.Debug|Any CPU.Build.0 = Debug|Any CPU
		{D826DAA3-447D-4375-A23D-F3FCA5BE57F7}.Release|Any CPU.ActiveCfg = Release|Any CPU
		{D826DAA3-447D-4375-A23D-F3FCA5BE57F7}.Release|Any CPU.Build.0 = Release|Any CPU
		{86ACB010-A9C1-44FB-A2C6-7511129B7F9F}.Debug|Any CPU.ActiveCfg = Debug|Any CPU
		{86ACB010-A9C1-44FB-A2C6-7511129B7F9F}.Debug|Any CPU.Build.0 = Debug|Any CPU
		{86ACB010-A9C1-44FB-A2C6-7511129B7F9F}.Release|Any CPU.ActiveCfg = Release|Any CPU
		{86ACB010-A9C1-44FB-A2C6-7511129B7F9F}.Release|Any CPU.Build.0 = Release|Any CPU
	EndGlobalSection
	GlobalSection(SolutionProperties) = preSolution
		HideSolutionNode = FALSE
	EndGlobalSection
	GlobalSection(NestedProjects) = preSolution
		{D826DAA3-447D-4375-A23D-F3FCA5BE57F7} = {306D79FB-45AD-479C-BA7D-E6D13C70079E}
		{86ACB010-A9C1-44FB-A2C6-7511129B7F9F} = {306D79FB-45AD-479C-BA7D-E6D13C70079E}
	EndGlobalSection
	GlobalSection(ExtensibilityGlobals) = postSolution
		SolutionGuid = {F5C78C9A-6F3E-402B-B4FB-A0A4E77CBE3F}
	EndGlobalSection
EndGlobal
